
Microsoft Visual Studio Solution File, Format Version 12.00
# Visual Studio Version 16
VisualStudioVersion = 16.0.809.1
MinimumVisualStudioVersion = 10.0.40219.1
Project("{FAE04EC0-301F-11D3-BF4B-00C04F79EFBC}") = "IbangCreationActivities", "IbangCreationActivities\IbangCreationActivities.csproj", "{A76FC168-18DA-4393-875D-FAD201FD8795}"
EndProject
Global
	GlobalSection(SolutionConfigurationPlatforms) = preSolution
		Debug|Any CPU = Debug|Any CPU
		Release|Any CPU = Release|Any CPU
	EndGlobalSection
	GlobalSection(ProjectConfigurationPlatforms) = postSolution
		{A76FC168-18DA-4393-875D-FAD201FD8795}.Debug|Any CPU.ActiveCfg = Debug|Any CPU
		{A76FC168-18DA-4393-875D-FAD201FD8795}.Debug|Any CPU.Build.0 = Debug|Any CPU
		{A76FC168-18DA-4393-875D-FAD201FD8795}.Release|Any CPU.ActiveCfg = Release|Any CPU
		{A76FC168-18DA-4393-875D-FAD201FD8795}.Release|Any CPU.Build.0 = Release|Any CPU
	EndGlobalSection
	GlobalSection(SolutionProperties) = preSolution
		HideSolutionNode = FALSE
	EndGlobalSection
	GlobalSection(ExtensibilityGlobals) = postSolution
		SolutionGuid = {C371DF4D-35C8-4903-A8DC-41B728B5EC08}
	EndGlobalSection
EndGlobal
